
Microsoft Visual Studio Solution File, Format Version 12.00
# Visual Studio Version 17
VisualStudioVersion = 17.0.31903.59
MinimumVisualStudioVersion = 10.0.40219.1
Project("{F2A71F9B-5D33-465A-A702-920D77279786}") = "FsConfigLoader", "FsConfigLoader\FsConfigLoader.fsproj", "{46C9FAE0-B6B5-426E-ABD1-FA9D3F496F75}"
EndProject
Project("{F2A71F9B-5D33-465A-A702-920D77279786}") = "FsConfigLoader.Spec", "FsConfigLoader.Spec\FsConfigLoader.Spec.fsproj", "{1CFF9105-95FA-4547-83B4-626324DBDC1F}"
EndProject
Global
	GlobalSection(SolutionConfigurationPlatforms) = preSolution
		Debug|Any CPU = Debug|Any CPU
		Release|Any CPU = Release|Any CPU
	EndGlobalSection
	GlobalSection(SolutionProperties) = preSolution
		HideSolutionNode = FALSE
	EndGlobalSection
	GlobalSection(ProjectConfigurationPlatforms) = postSolution
		{46C9FAE0-B6B5-426E-ABD1-FA9D3F496F75}.Debug|Any CPU.ActiveCfg = Debug|Any CPU
		{46C9FAE0-B6B5-426E-ABD1-FA9D3F496F75}.Debug|Any CPU.Build.0 = Debug|Any CPU
		{46C9FAE0-B6B5-426E-ABD1-FA9D3F496F75}.Release|Any CPU.ActiveCfg = Release|Any CPU
		{46C9FAE0-B6B5-426E-ABD1-FA9D3F496F75}.Release|Any CPU.Build.0 = Release|Any CPU
		{1CFF9105-95FA-4547-83B4-626324DBDC1F}.Debug|Any CPU.ActiveCfg = Debug|Any CPU
		{1CFF9105-95FA-4547-83B4-626324DBDC1F}.Debug|Any CPU.Build.0 = Debug|Any CPU
		{1CFF9105-95FA-4547-83B4-626324DBDC1F}.Release|Any CPU.ActiveCfg = Release|Any CPU
		{1CFF9105-95FA-4547-83B4-626324DBDC1F}.Release|Any CPU.Build.0 = Release|Any CPU
	EndGlobalSection
EndGlobal
